
Microsoft Visual Studio Solution File, Format Version 12.00
# Visual Studio Version 17
VisualStudioVersion = 17.9.34607.119
MinimumVisualStudioVersion = 10.0.40219.1
Project("{E24C65DC-7377-472B-9ABA-BC803B73C61A}") = "EIA-CarbonFootprintCalculator", "EIA-CarbonFootprintCalculator\", "{BF4BB63F-8764-41D7-8A52-6A06CD5DFE59}"
	ProjectSection(WebsiteProperties) = preProject
		TargetFrameworkMoniker = ".NETFramework,Version%3Dv4.8"
		Debug.AspNetCompiler.VirtualPath = "/localhost_57990"
		Debug.AspNetCompiler.PhysicalPath = "EIA-CarbonFootprintCalculator\"
		Debug.AspNetCompiler.TargetPath = "PrecompiledWeb\localhost_57990\"
		Debug.AspNetCompiler.Updateable = "true"
		Debug.AspNetCompiler.ForceOverwrite = "true"
		Debug.AspNetCompiler.FixedNames = "false"
		Debug.AspNetCompiler.Debug = "True"
		Release.AspNetCompiler.VirtualPath = "/localhost_57990"
		Release.AspNetCompiler.PhysicalPath = "EIA-CarbonFootprintCalculator\"
		Release.AspNetCompiler.TargetPath = "PrecompiledWeb\localhost_57990\"
		Release.AspNetCompiler.Updateable = "true"
		Release.AspNetCompiler.ForceOverwrite = "true"
		Release.AspNetCompiler.FixedNames = "false"
		Release.AspNetCompiler.Debug = "False"
		VWDPort = "57990"
		SlnRelativePath = "EIA-CarbonFootprintCalculator\"
		DefaultWebSiteLanguage = "Visual C#"
	EndProjectSection
EndProject
Global
	GlobalSection(SolutionConfigurationPlatforms) = preSolution
		Debug|Any CPU = Debug|Any CPU
	EndGlobalSection
	GlobalSection(ProjectConfigurationPlatforms) = postSolution
		{BF4BB63F-8764-41D7-8A52-6A06CD5DFE59}.Debug|Any CPU.ActiveCfg = Debug|Any CPU
		{BF4BB63F-8764-41D7-8A52-6A06CD5DFE59}.Debug|Any CPU.Build.0 = Debug|Any CPU
	EndGlobalSection
	GlobalSection(SolutionProperties) = preSolution
		HideSolutionNode = FALSE
	EndGlobalSection
	GlobalSection(ExtensibilityGlobals) = postSolution
		SolutionGuid = {15266EC3-9552-4278-A3FA-256CE4AADD77}
	EndGlobalSection
EndGlobal
